{
  "requires": true,
  "lockfileVersion": 1,
  "dependencies": {
    "lottie-react": {
      "version": "2.2.1",
      "resolved": "https://registry.npmjs.org/lottie-react/-/lottie-react-2.2.1.tgz",
      "integrity": "sha512-lAdIUw+zeHLX3gtyLkisa4QM9NkTUUeZTsEL53laBEsjIH4JibgwkioZuza8CtwZ7/cpPZRbCRXWKfiuaDZWww==",
      "requires": {
        "lottie-web": "^5.8.1"
      }
    },
    "lottie-web": {
      "version": "5.9.4",
      "resolved": "https://registry.npmjs.org/lottie-web/-/lottie-web-5.9.4.tgz",
      "integrity": "sha512-bSs1ZTPifnBVejO1MnQHdfrKfcn02YTCmgOh2wcAEICqRA0V7GzDh8FnwXY6+EzT+i8XOunaIloo/5xC5YNbsA=="
    }
  }
}
